// !$*UTF8*$!
{
	archiveVersion = 1;
	classes = {
	};
	objectVersion = 55;
	objects = {

/* Begin PBXBuildFile section */
		056FB8F1F653C1AA185B04C7 /* CosmicAlertView.swift in Sources */ = {isa = PBXBuildFile; fileRef = 90AFB930D80F71F0EE8ED280 /* CosmicAlertView.swift */; };
		2215653D3A89862F89D59793 /* AppTypography.swift in Sources */ = {isa = PBXBuildFile; fileRef = 4499B36F6A956E467A260002 /* AppTypography.swift */; };
		45A075D01890F0C5243A8288 /* RecordColor+UI.swift in Sources */ = {isa = PBXBuildFile; fileRef = 9581D6B8838EB3C4E84B9EF4 /* RecordColor+UI.swift */; };
		4B734DBCB46E9EC8DDCD0EEA /* AppColors.swift in Sources */ = {isa = PBXBuildFile; fileRef = 7F5044140883A329189A0917 /* AppColors.swift */; };
		5B0A60FFEE9348D47C5CE8D6 /* CanvasPreviewViews.swift in Sources */ = {isa = PBXBuildFile; fileRef = 87A9336E3FDC6D7C63A6B725 /* CanvasPreviewViews.swift */; };
		88236CD72B772422E33FF03D /* FormatHelper.swift in Sources */ = {isa = PBXBuildFile; fileRef = 85F6AEFA6F2741263E21D278 /* FormatHelper.swift */; };
		D1A45AB3AF6AC146103E04CA /* libDomainEntity.a in Dependencies */ = {isa = PBXBuildFile; fileRef = B867F6B79B5AFB08870F45C8 /* libDomainEntity.a */; };
/* End PBXBuildFile section */

/* Begin PBXCopyFilesBuildPhase section */
		3C70685A16F7B5282FF12086 /* Embed Frameworks */ = {
			isa = PBXCopyFilesBuildPhase;
			buildActionMask = 2147483647;
			dstPath = "";
			dstSubfolderSpec = 10;
			files = (
			);
			name = "Embed Frameworks";
			runOnlyForDeploymentPostprocessing = 0;
		};
		998DF43FC74BB7960607110B /* Dependencies */ = {
			isa = PBXCopyFilesBuildPhase;
			buildActionMask = 8;
			dstSubfolderSpec = 16;
			files = (
				D1A45AB3AF6AC146103E04CA /* libDomainEntity.a in Dependencies */,
			);
			name = Dependencies;
			runOnlyForDeploymentPostprocessing = 1;
		};
/* End PBXCopyFilesBuildPhase section */

/* Begin PBXFileReference section */
		4499B36F6A956E467A260002 /* AppTypography.swift */ = {isa = PBXFileReference; lastKnownFileType = sourcecode.swift; path = AppTypography.swift; sourceTree = "<group>"; };
		6AC1697A7DAC909AC709777C /* libSharedDesignSystem.a */ = {isa = PBXFileReference; explicitFileType = archive.ar; includeInIndex = 0; path = libSharedDesignSystem.a; sourceTree = BUILT_PRODUCTS_DIR; };
		7F5044140883A329189A0917 /* AppColors.swift */ = {isa = PBXFileReference; lastKnownFileType = sourcecode.swift; path = AppColors.swift; sourceTree = "<group>"; };
		85F6AEFA6F2741263E21D278 /* FormatHelper.swift */ = {isa = PBXFileReference; lastKnownFileType = sourcecode.swift; path = FormatHelper.swift; sourceTree = "<group>"; };
		87A9336E3FDC6D7C63A6B725 /* CanvasPreviewViews.swift */ = {isa = PBXFileReference; lastKnownFileType = sourcecode.swift; path = CanvasPreviewViews.swift; sourceTree = "<group>"; };
		90AFB930D80F71F0EE8ED280 /* CosmicAlertView.swift */ = {isa = PBXFileReference; lastKnownFileType = sourcecode.swift; path = CosmicAlertView.swift; sourceTree = "<group>"; };
		9581D6B8838EB3C4E84B9EF4 /* RecordColor+UI.swift */ = {isa = PBXFileReference; lastKnownFileType = sourcecode.swift; path = "RecordColor+UI.swift"; sourceTree = "<group>"; };
		B867F6B79B5AFB08870F45C8 /* libDomainEntity.a */ = {isa = PBXFileReference; explicitFileType = archive.ar; includeInIndex = 0; path = libDomainEntity.a; sourceTree = BUILT_PRODUCTS_DIR; };
/* End PBXFileReference section */

/* Begin PBXFrameworksBuildPhase section */
		826FE33371783E018DF44EEB /* Frameworks */ = {
			isa = PBXFrameworksBuildPhase;
			buildActionMask = 2147483647;
			files = (
			);
			runOnlyForDeploymentPostprocessing = 0;
		};
/* End PBXFrameworksBuildPhase section */

/* Begin PBXGroup section */
		4681BACC84FDE19F78195220 /* Project */ = {
			isa = PBXGroup;
			children = (
				E4D6BC21CF1185821CD1D415 /* Sources */,
			);
			name = Project;
			sourceTree = "<group>";
		};
		7C5C1797D057E923EA7612EB /* Products */ = {
			isa = PBXGroup;
			children = (
				B867F6B79B5AFB08870F45C8 /* libDomainEntity.a */,
				6AC1697A7DAC909AC709777C /* libSharedDesignSystem.a */,
			);
			name = Products;
			sourceTree = "<group>";
		};
		DA9E55B9F98592D687D8D0AE = {
			isa = PBXGroup;
			children = (
				7C5C1797D057E923EA7612EB /* Products */,
				4681BACC84FDE19F78195220 /* Project */,
			);
			sourceTree = "<group>";
		};
		E4D6BC21CF1185821CD1D415 /* Sources */ = {
			isa = PBXGroup;
			children = (
				7F5044140883A329189A0917 /* AppColors.swift */,
				4499B36F6A956E467A260002 /* AppTypography.swift */,
				87A9336E3FDC6D7C63A6B725 /* CanvasPreviewViews.swift */,
				90AFB930D80F71F0EE8ED280 /* CosmicAlertView.swift */,
				85F6AEFA6F2741263E21D278 /* FormatHelper.swift */,
				9581D6B8838EB3C4E84B9EF4 /* RecordColor+UI.swift */,
			);
			path = Sources;
			sourceTree = "<group>";
		};
/* End PBXGroup section */

/* Begin PBXNativeTarget section */
		3B9B44D7180B637859DEF51A /* SharedDesignSystem */ = {
			isa = PBXNativeTarget;
			buildConfigurationList = D2AD1514646F909429980FC6 /* Build configuration list for PBXNativeTarget "SharedDesignSystem" */;
			buildPhases = (
				173948DE589C90AAAD572A95 /* Sources */,
				A82C5359C7312774175B4D62 /* Resources */,
				826FE33371783E018DF44EEB /* Frameworks */,
				3C70685A16F7B5282FF12086 /* Embed Frameworks */,
				998DF43FC74BB7960607110B /* Dependencies */,
			);
			buildRules = (
			);
			dependencies = (
			);
			name = SharedDesignSystem;
			packageProductDependencies = (
			);
			productName = SharedDesignSystem;
			productReference = 6AC1697A7DAC909AC709777C /* libSharedDesignSystem.a */;
			productType = "com.apple.product-type.library.static";
		};
/* End PBXNativeTarget section */

/* Begin PBXProject section */
		2CCC442D44AE0C8314223238 /* Project object */ = {
			isa = PBXProject;
			attributes = {
				BuildIndependentTargetsInParallel = YES;
				TargetAttributes = {
				};
			};
			buildConfigurationList = 4E09BB944B7C48EB0432C2D8 /* Build configuration list for PBXProject "SharedDesignSystem" */;
			compatibilityVersion = "Xcode 14.0";
			developmentRegion = en;
			hasScannedForEncodings = 0;
			knownRegions = (
				Base,
				en,
			);
			mainGroup = DA9E55B9F98592D687D8D0AE;
			productRefGroup = 7C5C1797D057E923EA7612EB /* Products */;
			projectDirPath = "";
			projectRoot = "";
			targets = (
				3B9B44D7180B637859DEF51A /* SharedDesignSystem */,
			);
		};
/* End PBXProject section */

/* Begin PBXResourcesBuildPhase section */
		A82C5359C7312774175B4D62 /* Resources */ = {
			isa = PBXResourcesBuildPhase;
			buildActionMask = 2147483647;
			files = (
			);
			runOnlyForDeploymentPostprocessing = 0;
		};
/* End PBXResourcesBuildPhase section */

/* Begin PBXSourcesBuildPhase section */
		173948DE589C90AAAD572A95 /* Sources */ = {
			isa = PBXSourcesBuildPhase;
			buildActionMask = 2147483647;
			files = (
				4B734DBCB46E9EC8DDCD0EEA /* AppColors.swift in Sources */,
				2215653D3A89862F89D59793 /* AppTypography.swift in Sources */,
				5B0A60FFEE9348D47C5CE8D6 /* CanvasPreviewViews.swift in Sources */,
				056FB8F1F653C1AA185B04C7 /* CosmicAlertView.swift in Sources */,
				88236CD72B772422E33FF03D /* FormatHelper.swift in Sources */,
				45A075D01890F0C5243A8288 /* RecordColor+UI.swift in Sources */,
			);
			runOnlyForDeploymentPostprocessing = 0;
		};
/* End PBXSourcesBuildPhase section */

/* Begin XCBuildConfiguration section */
		5DB787C9C7FA309CE6139EBA /* Debug */ = {
			isa = XCBuildConfiguration;
			buildSettings = {
				CODE_SIGN_IDENTITY = "iPhone Developer";
				IPHONEOS_DEPLOYMENT_TARGET = 17.0;
				OTHER_LDFLAGS = "-ObjC";
				PRODUCT_BUNDLE_IDENTIFIER = "";
				PRODUCT_NAME = SharedDesignSystem;
				SDKROOT = iphoneos;
				SKIP_INSTALL = YES;
				SUPPORTS_MACCATALYST = NO;
				SUPPORTS_MAC_DESIGNED_FOR_IPHONE_IPAD = NO;
				SUPPORTS_XR_DESIGNED_FOR_IPHONE_IPAD = NO;
				SWIFT_ACTIVE_COMPILATION_CONDITIONS = (
					"$(inherited)",
					DEBUG,
				);
				SWIFT_COMPILATION_MODE = singlefile;
				SWIFT_OPTIMIZATION_LEVEL = "-Onone";
				SWIFT_VERSION = 5.0;
				TARGETED_DEVICE_FAMILY = 1;
			};
			name = Debug;
		};
		B132FA4E31E01922F91835D8 /* Debug */ = {
			isa = XCBuildConfiguration;
			buildSettings = {
				ALWAYS_SEARCH_USER_PATHS = NO;
				CLANG_ANALYZER_LOCALIZABILITY_NONLOCALIZED = YES;
				CLANG_ANALYZER_NONNULL = YES;
				CLANG_ANALYZER_NUMBER_OBJECT_CONVERSION = YES_AGGRESSIVE;
				CLANG_CXX_LANGUAGE_STANDARD = "gnu++14";
				CLANG_CXX_LIBRARY = "libc++";
				CLANG_ENABLE_MODULES = YES;
				CLANG_ENABLE_OBJC_ARC = YES;
				CLANG_ENABLE_OBJC_WEAK = YES;
				CLANG_WARN_BLOCK_CAPTURE_AUTORELEASING = YES;
				CLANG_WARN_BOOL_CONVERSION = YES;
				CLANG_WARN_COMMA = YES;
				CLANG_WARN_CONSTANT_CONVERSION = YES;
				CLANG_WARN_DEPRECATED_OBJC_IMPLEMENTATIONS = YES;
				CLANG_WARN_DIRECT_OBJC_ISA_USAGE = YES_ERROR;
				CLANG_WARN_DOCUMENTATION_COMMENTS = YES;
				CLANG_WARN_EMPTY_BODY = YES;
				CLANG_WARN_ENUM_CONVERSION = YES;
				CLANG_WARN_INFINITE_RECURSION = YES;
				CLANG_WARN_INT_CONVERSION = YES;
				CLANG_WARN_NON_LITERAL_NULL_CONVERSION = YES;
				CLANG_WARN_OBJC_IMPLICIT_RETAIN_SELF = YES;
				CLANG_WARN_OBJC_LITERAL_CONVERSION = YES;
				CLANG_WARN_OBJC_ROOT_CLASS = YES_ERROR;
				CLANG_WARN_QUOTED_INCLUDE_IN_FRAMEWORK_HEADER = YES;
				CLANG_WARN_RANGE_LOOP_ANALYSIS = YES;
				CLANG_WARN_STRICT_PROTOTYPES = YES;
				CLANG_WARN_SUSPICIOUS_MOVE = YES;
				CLANG_WARN_UNGUARDED_AVAILABILITY = YES_AGGRESSIVE;
				CLANG_WARN_UNREACHABLE_CODE = YES;
				CLANG_WARN__DUPLICATE_METHOD_MATCH = YES;
				CODE_SIGN_STYLE = Automatic;
				COPY_PHASE_STRIP = NO;
				DEAD_CODE_STRIPPING = YES;
				DEBUG_INFORMATION_FORMAT = "dwarf-with-dsym";
				ENABLE_DEBUG_DYLIB = NO;
				ENABLE_STRICT_OBJC_MSGSEND = YES;
				ENABLE_TESTABILITY = YES;
				ENABLE_USER_SCRIPT_SANDBOXING = YES;
				GCC_C_LANGUAGE_STANDARD = gnu11;
				GCC_DYNAMIC_NO_PIC = NO;
				GCC_NO_COMMON_BLOCKS = YES;
				GCC_OPTIMIZATION_LEVEL = 0;
				GCC_PREPROCESSOR_DEFINITIONS = (
					"DEBUG=1",
					"$(inherited)",
				);
				GCC_WARN_64_TO_32_BIT_CONVERSION = YES;
				GCC_WARN_ABOUT_RETURN_TYPE = YES_ERROR;
				GCC_WARN_UNDECLARED_SELECTOR = YES;
				GCC_WARN_UNINITIALIZED_AUTOS = YES_AGGRESSIVE;
				GCC_WARN_UNUSED_FUNCTION = YES;
				GCC_WARN_UNUSED_VARIABLE = YES;
				GENERATE_DEBUG_SYMBOLS = YES;
				MTL_ENABLE_DEBUG_INFO = YES;
				ONLY_ACTIVE_ARCH = YES;
				OTHER_LDFLAGS = (
					"$(inherited)",
					"-ObjC",
				);
				PRODUCT_NAME = "$(TARGET_NAME)";
			};
			name = Debug;
		};
		C35C9736C7973BB18B1F4636 /* Release */ = {
			isa = XCBuildConfiguration;
			buildSettings = {
				CODE_SIGN_IDENTITY = "iPhone Developer";
				IPHONEOS_DEPLOYMENT_TARGET = 17.0;
				OTHER_LDFLAGS = "-ObjC";
				PRODUCT_BUNDLE_IDENTIFIER = "";
				PRODUCT_NAME = SharedDesignSystem;
				SDKROOT = iphoneos;
				SKIP_INSTALL = YES;
				SUPPORTS_MACCATALYST = NO;
				SUPPORTS_MAC_DESIGNED_FOR_IPHONE_IPAD = NO;
				SUPPORTS_XR_DESIGNED_FOR_IPHONE_IPAD = NO;
				SWIFT_COMPILATION_MODE = wholemodule;
				SWIFT_OPTIMIZATION_LEVEL = "-O";
				SWIFT_VERSION = 5.0;
				TARGETED_DEVICE_FAMILY = 1;
			};
			name = Release;
		};
		CE5ABDBEE1AF078F1A50FC79 /* Release */ = {
			isa = XCBuildConfiguration;
			buildSettings = {
				ALWAYS_SEARCH_USER_PATHS = NO;
				CLANG_ANALYZER_LOCALIZABILITY_NONLOCALIZED = YES;
				CLANG_ANALYZER_NONNULL = YES;
				CLANG_ANALYZER_NUMBER_OBJECT_CONVERSION = YES_AGGRESSIVE;
				CLANG_CXX_LANGUAGE_STANDARD = "gnu++14";
				CLANG_CXX_LIBRARY = "libc++";
				CLANG_ENABLE_MODULES = YES;
				CLANG_ENABLE_OBJC_ARC = YES;
				CLANG_ENABLE_OBJC_WEAK = YES;
				CLANG_WARN_BLOCK_CAPTURE_AUTORELEASING = YES;
				CLANG_WARN_BOOL_CONVERSION = YES;
				CLANG_WARN_COMMA = YES;
				CLANG_WARN_CONSTANT_CONVERSION = YES;
				CLANG_WARN_DEPRECATED_OBJC_IMPLEMENTATIONS = YES;
				CLANG_WARN_DIRECT_OBJC_ISA_USAGE = YES_ERROR;
				CLANG_WARN_DOCUMENTATION_COMMENTS = YES;
				CLANG_WARN_EMPTY_BODY = YES;
				CLANG_WARN_ENUM_CONVERSION = YES;
				CLANG_WARN_INFINITE_RECURSION = YES;
				CLANG_WARN_INT_CONVERSION = YES;
				CLANG_WARN_NON_LITERAL_NULL_CONVERSION = YES;
				CLANG_WARN_OBJC_IMPLICIT_RETAIN_SELF = YES;
				CLANG_WARN_OBJC_LITERAL_CONVERSION = YES;
				CLANG_WARN_OBJC_ROOT_CLASS = YES_ERROR;
				CLANG_WARN_QUOTED_INCLUDE_IN_FRAMEWORK_HEADER = YES;
				CLANG_WARN_RANGE_LOOP_ANALYSIS = YES;
				CLANG_WARN_STRICT_PROTOTYPES = YES;
				CLANG_WARN_SUSPICIOUS_MOVE = YES;
				CLANG_WARN_UNGUARDED_AVAILABILITY = YES_AGGRESSIVE;
				CLANG_WARN_UNREACHABLE_CODE = YES;
				CLANG_WARN__DUPLICATE_METHOD_MATCH = YES;
				CODE_SIGN_STYLE = Automatic;
				COPY_PHASE_STRIP = NO;
				DEAD_CODE_STRIPPING = YES;
				DEBUG_INFORMATION_FORMAT = "dwarf-with-dsym";
				ENABLE_DEBUG_DYLIB = NO;
				ENABLE_NS_ASSERTIONS = NO;
				ENABLE_STRICT_OBJC_MSGSEND = YES;
				ENABLE_USER_SCRIPT_SANDBOXING = YES;
				GCC_C_LANGUAGE_STANDARD = gnu11;
				GCC_NO_COMMON_BLOCKS = YES;
				GCC_WARN_64_TO_32_BIT_CONVERSION = YES;
				GCC_WARN_ABOUT_RETURN_TYPE = YES_ERROR;
				GCC_WARN_UNDECLARED_SELECTOR = YES;
				GCC_WARN_UNINITIALIZED_AUTOS = YES_AGGRESSIVE;
				GCC_WARN_UNUSED_FUNCTION = YES;
				GCC_WARN_UNUSED_VARIABLE = YES;
				GENERATE_DEBUG_SYMBOLS = YES;
				MTL_ENABLE_DEBUG_INFO = NO;
				OTHER_LDFLAGS = (
					"$(inherited)",
					"-ObjC",
				);
				PRODUCT_NAME = "$(TARGET_NAME)";
				VALIDATE_PRODUCT = YES;
			};
			name = Release;
		};
/* End XCBuildConfiguration section */

/* Begin XCConfigurationList section */
		4E09BB944B7C48EB0432C2D8 /* Build configuration list for PBXProject "SharedDesignSystem" */ = {
			isa = XCConfigurationList;
			buildConfigurations = (
				B132FA4E31E01922F91835D8 /* Debug */,
				CE5ABDBEE1AF078F1A50FC79 /* Release */,
			);
			defaultConfigurationIsVisible = 0;
			defaultConfigurationName = Release;
		};
		D2AD1514646F909429980FC6 /* Build configuration list for PBXNativeTarget "SharedDesignSystem" */ = {
			isa = XCConfigurationList;
			buildConfigurations = (
				5DB787C9C7FA309CE6139EBA /* Debug */,
				C35C9736C7973BB18B1F4636 /* Release */,
			);
			defaultConfigurationIsVisible = 0;
			defaultConfigurationName = Release;
		};
/* End XCConfigurationList section */
	};
	rootObject = 2CCC442D44AE0C8314223238 /* Project object */;
}
