// !$*UTF8*$!
{
	archiveVersion = 1;
	classes = {
	};
	objectVersion = 55;
	objects = {

/* Begin PBXBuildFile section */
		33F0D602C64255A09000BB30 /* libDomainClient.a in Dependencies */ = {isa = PBXBuildFile; fileRef = 3378E6198B2426BFB8FF4552 /* libDomainClient.a */; };
		3FD48CC2D06A2B882F7DFD94 /* libDomainEntity.a in Dependencies */ = {isa = PBXBuildFile; fileRef = D2C30521251874BEDB70E827 /* libDomainEntity.a */; };
		5BB40B5821C13A3625C88CA8 /* libFeatureConstellation.a in Dependencies */ = {isa = PBXBuildFile; fileRef = 178F99CE722797CCC9039D3E /* libFeatureConstellation.a */; };
		78C6D2C455F0FE182E266764 /* ComposableArchitecture.framework in Frameworks */ = {isa = PBXBuildFile; fileRef = E95BA4D02B4815DA50B0CD76 /* ComposableArchitecture.framework */; };
		880E7DF6E59E8618F3414595 /* libFeatureProfile.a in Dependencies */ = {isa = PBXBuildFile; fileRef = BF8599910B638D70BB0326A9 /* libFeatureProfile.a */; };
		99DD3E3EB6FB5FD56B2F70D6 /* MainTabFeature.swift in Sources */ = {isa = PBXBuildFile; fileRef = 5B1C542B177DC7517604DB17 /* MainTabFeature.swift */; };
		A52A4306C3541B3D59B8DCF9 /* MainTabView.swift in Sources */ = {isa = PBXBuildFile; fileRef = BFD1FC4CA907676807B7A7C0 /* MainTabView.swift */; };
		ED3CD9E73433FD53A7BD4410 /* libFeatureUniverse.a in Dependencies */ = {isa = PBXBuildFile; fileRef = 339B286840C7FB46C9A2C8FF /* libFeatureUniverse.a */; };
		FE8B956D20A191348643D074 /* libSharedDesignSystem.a in Dependencies */ = {isa = PBXBuildFile; fileRef = 4DB283A18B8E0AEE3A524248 /* libSharedDesignSystem.a */; };
/* End PBXBuildFile section */

/* Begin PBXCopyFilesBuildPhase section */
		3D383783128BC0BFBD1A5D5A /* Dependencies */ = {
			isa = PBXCopyFilesBuildPhase;
			buildActionMask = 8;
			dstSubfolderSpec = 16;
			files = (
				33F0D602C64255A09000BB30 /* libDomainClient.a in Dependencies */,
				3FD48CC2D06A2B882F7DFD94 /* libDomainEntity.a in Dependencies */,
				5BB40B5821C13A3625C88CA8 /* libFeatureConstellation.a in Dependencies */,
				880E7DF6E59E8618F3414595 /* libFeatureProfile.a in Dependencies */,
				ED3CD9E73433FD53A7BD4410 /* libFeatureUniverse.a in Dependencies */,
				FE8B956D20A191348643D074 /* libSharedDesignSystem.a in Dependencies */,
			);
			name = Dependencies;
			runOnlyForDeploymentPostprocessing = 1;
		};
		EEBC656F88EF6C1051A3C381 /* Embed Frameworks */ = {
			isa = PBXCopyFilesBuildPhase;
			buildActionMask = 2147483647;
			dstPath = "";
			dstSubfolderSpec = 10;
			files = (
			);
			name = "Embed Frameworks";
			runOnlyForDeploymentPostprocessing = 0;
		};
/* End PBXCopyFilesBuildPhase section */

/* Begin PBXFileReference section */
		178F99CE722797CCC9039D3E /* libFeatureConstellation.a */ = {isa = PBXFileReference; explicitFileType = archive.ar; includeInIndex = 0; path = libFeatureConstellation.a; sourceTree = BUILT_PRODUCTS_DIR; };
		3378E6198B2426BFB8FF4552 /* libDomainClient.a */ = {isa = PBXFileReference; explicitFileType = archive.ar; includeInIndex = 0; path = libDomainClient.a; sourceTree = BUILT_PRODUCTS_DIR; };
		339B286840C7FB46C9A2C8FF /* libFeatureUniverse.a */ = {isa = PBXFileReference; explicitFileType = archive.ar; includeInIndex = 0; path = libFeatureUniverse.a; sourceTree = BUILT_PRODUCTS_DIR; };
		4DB283A18B8E0AEE3A524248 /* libSharedDesignSystem.a */ = {isa = PBXFileReference; explicitFileType = archive.ar; includeInIndex = 0; path = libSharedDesignSystem.a; sourceTree = BUILT_PRODUCTS_DIR; };
		5B1C542B177DC7517604DB17 /* MainTabFeature.swift */ = {isa = PBXFileReference; lastKnownFileType = sourcecode.swift; path = MainTabFeature.swift; sourceTree = "<group>"; };
		7923381FD4154FDA933C0721 /* libFeatureMain.a */ = {isa = PBXFileReference; explicitFileType = archive.ar; includeInIndex = 0; path = libFeatureMain.a; sourceTree = BUILT_PRODUCTS_DIR; };
		BF8599910B638D70BB0326A9 /* libFeatureProfile.a */ = {isa = PBXFileReference; explicitFileType = archive.ar; includeInIndex = 0; path = libFeatureProfile.a; sourceTree = BUILT_PRODUCTS_DIR; };
		BFD1FC4CA907676807B7A7C0 /* MainTabView.swift */ = {isa = PBXFileReference; lastKnownFileType = sourcecode.swift; path = MainTabView.swift; sourceTree = "<group>"; };
		D2C30521251874BEDB70E827 /* libDomainEntity.a */ = {isa = PBXFileReference; explicitFileType = archive.ar; includeInIndex = 0; path = libDomainEntity.a; sourceTree = BUILT_PRODUCTS_DIR; };
		E95BA4D02B4815DA50B0CD76 /* ComposableArchitecture.framework */ = {isa = PBXFileReference; explicitFileType = wrapper.framework; includeInIndex = 0; path = ComposableArchitecture.framework; sourceTree = BUILT_PRODUCTS_DIR; };
/* End PBXFileReference section */

/* Begin PBXFrameworksBuildPhase section */
		6F4B30D1493BB658C80C0D31 /* Frameworks */ = {
			isa = PBXFrameworksBuildPhase;
			buildActionMask = 2147483647;
			files = (
				78C6D2C455F0FE182E266764 /* ComposableArchitecture.framework in Frameworks */,
			);
			runOnlyForDeploymentPostprocessing = 0;
		};
/* End PBXFrameworksBuildPhase section */

/* Begin PBXGroup section */
		6ADE8AFD38848E78DC19018B /* Products */ = {
			isa = PBXGroup;
			children = (
				E95BA4D02B4815DA50B0CD76 /* ComposableArchitecture.framework */,
				3378E6198B2426BFB8FF4552 /* libDomainClient.a */,
				D2C30521251874BEDB70E827 /* libDomainEntity.a */,
				178F99CE722797CCC9039D3E /* libFeatureConstellation.a */,
				7923381FD4154FDA933C0721 /* libFeatureMain.a */,
				BF8599910B638D70BB0326A9 /* libFeatureProfile.a */,
				339B286840C7FB46C9A2C8FF /* libFeatureUniverse.a */,
				4DB283A18B8E0AEE3A524248 /* libSharedDesignSystem.a */,
			);
			name = Products;
			sourceTree = "<group>";
		};
		B120DAAB4DB2867A594494D1 /* Project */ = {
			isa = PBXGroup;
			children = (
				BE069A529D11260C1D108FF1 /* Sources */,
			);
			name = Project;
			sourceTree = "<group>";
		};
		BE069A529D11260C1D108FF1 /* Sources */ = {
			isa = PBXGroup;
			children = (
				5B1C542B177DC7517604DB17 /* MainTabFeature.swift */,
				BFD1FC4CA907676807B7A7C0 /* MainTabView.swift */,
			);
			path = Sources;
			sourceTree = "<group>";
		};
		C8E56461FA59728C570F9EFD = {
			isa = PBXGroup;
			children = (
				6ADE8AFD38848E78DC19018B /* Products */,
				B120DAAB4DB2867A594494D1 /* Project */,
			);
			sourceTree = "<group>";
		};
/* End PBXGroup section */

/* Begin PBXNativeTarget section */
		C62951D5F12265650ECDE4F9 /* FeatureMain */ = {
			isa = PBXNativeTarget;
			buildConfigurationList = CC86632E74C9FC94DA14BFC5 /* Build configuration list for PBXNativeTarget "FeatureMain" */;
			buildPhases = (
				E2956C14FBC3BADA47387A8E /* Sources */,
				3E20C106B647E358D5AD1CD6 /* Resources */,
				6F4B30D1493BB658C80C0D31 /* Frameworks */,
				EEBC656F88EF6C1051A3C381 /* Embed Frameworks */,
				3D383783128BC0BFBD1A5D5A /* Dependencies */,
			);
			buildRules = (
			);
			dependencies = (
			);
			name = FeatureMain;
			packageProductDependencies = (
			);
			productName = FeatureMain;
			productReference = 7923381FD4154FDA933C0721 /* libFeatureMain.a */;
			productType = "com.apple.product-type.library.static";
		};
/* End PBXNativeTarget section */

/* Begin PBXProject section */
		52DB8CC19AD669D9B07D887C /* Project object */ = {
			isa = PBXProject;
			attributes = {
				BuildIndependentTargetsInParallel = YES;
				TargetAttributes = {
				};
			};
			buildConfigurationList = 789224ED9B40F717BE59E42B /* Build configuration list for PBXProject "FeatureMain" */;
			compatibilityVersion = "Xcode 14.0";
			developmentRegion = en;
			hasScannedForEncodings = 0;
			knownRegions = (
				Base,
				en,
			);
			mainGroup = C8E56461FA59728C570F9EFD;
			productRefGroup = 6ADE8AFD38848E78DC19018B /* Products */;
			projectDirPath = "";
			projectRoot = "";
			targets = (
				C62951D5F12265650ECDE4F9 /* FeatureMain */,
			);
		};
/* End PBXProject section */

/* Begin PBXResourcesBuildPhase section */
		3E20C106B647E358D5AD1CD6 /* Resources */ = {
			isa = PBXResourcesBuildPhase;
			buildActionMask = 2147483647;
			files = (
			);
			runOnlyForDeploymentPostprocessing = 0;
		};
/* End PBXResourcesBuildPhase section */

/* Begin PBXSourcesBuildPhase section */
		E2956C14FBC3BADA47387A8E /* Sources */ = {
			isa = PBXSourcesBuildPhase;
			buildActionMask = 2147483647;
			files = (
				99DD3E3EB6FB5FD56B2F70D6 /* MainTabFeature.swift in Sources */,
				A52A4306C3541B3D59B8DCF9 /* MainTabView.swift in Sources */,
			);
			runOnlyForDeploymentPostprocessing = 0;
		};
/* End PBXSourcesBuildPhase section */

/* Begin XCBuildConfiguration section */
		35045ADE1D96599F494AF68B /* Debug */ = {
			isa = XCBuildConfiguration;
			buildSettings = {
				CODE_SIGN_IDENTITY = "iPhone Developer";
				HEADER_SEARCH_PATHS = (
					"$(inherited)",
					"$(SRCROOT)/../../../Tuist/.build/checkouts/AppAuth-iOS/Sources/AppAuth",
					"$(SRCROOT)/../../../Tuist/.build/checkouts/AppAuth-iOS/Sources/AppAuth/iOS",
					"$(SRCROOT)/../../../Tuist/.build/checkouts/AppAuth-iOS/Sources/AppAuth/macOS",
					"$(SRCROOT)/../../../Tuist/.build/checkouts/AppAuth-iOS/Sources/AppAuth/macOS/LoopbackHTTPServer",
					"$(SRCROOT)/../../../Tuist/.build/checkouts/AppAuth-iOS/Sources/AppAuthCore",
					"$(SRCROOT)/../../../Tuist/.build/checkouts/GoogleSignIn-iOS",
					"$(SRCROOT)/../../../Tuist/.build/checkouts/GoogleSignIn-iOS/GoogleSignIn/Sources/Public",
					"$(SRCROOT)/../../../Tuist/.build/checkouts/GoogleUtilities",
					"$(SRCROOT)/../../../Tuist/.build/checkouts/GoogleUtilities/GoogleUtilities/AppDelegateSwizzler/Public",
					"$(SRCROOT)/../../../Tuist/.build/checkouts/GoogleUtilities/GoogleUtilities/Environment/Public",
					"$(SRCROOT)/../../../Tuist/.build/checkouts/GoogleUtilities/GoogleUtilities/Logger/Public",
					"$(SRCROOT)/../../../Tuist/.build/checkouts/GoogleUtilities/GoogleUtilities/NSData+zlib/Public",
					"$(SRCROOT)/../../../Tuist/.build/checkouts/GoogleUtilities/GoogleUtilities/Network/Public",
					"$(SRCROOT)/../../../Tuist/.build/checkouts/GoogleUtilities/GoogleUtilities/Reachability/Public",
					"$(SRCROOT)/../../../Tuist/.build/checkouts/GoogleUtilities/GoogleUtilities/UserDefaults/Public",
					"$(SRCROOT)/../../../Tuist/.build/checkouts/GoogleUtilities/third_party/IsAppEncrypted/Public",
					"$(SRCROOT)/../../../Tuist/.build/checkouts/abseil-cpp-binary/absl-Wrapper/include",
					"$(SRCROOT)/../../../Tuist/.build/checkouts/app-check",
					"$(SRCROOT)/../../../Tuist/.build/checkouts/app-check/AppCheckCore/Sources/Public",
					"$(SRCROOT)/../../../Tuist/.build/checkouts/firebase-ios-sdk",
					"$(SRCROOT)/../../../Tuist/.build/checkouts/firebase-ios-sdk/CoreOnly/Sources",
					"$(SRCROOT)/../../../Tuist/.build/checkouts/firebase-ios-sdk/FirebaseAppCheck/Interop/Public",
					"$(SRCROOT)/../../../Tuist/.build/checkouts/firebase-ios-sdk/FirebaseAuth/Interop/Public",
					"$(SRCROOT)/../../../Tuist/.build/checkouts/firebase-ios-sdk/FirebaseAuth/Sources/Public",
					"$(SRCROOT)/../../../Tuist/.build/checkouts/firebase-ios-sdk/FirebaseCore/Extension",
					"$(SRCROOT)/../../../Tuist/.build/checkouts/firebase-ios-sdk/FirebaseCore/Sources/Public",
					"$(SRCROOT)/../../../Tuist/.build/checkouts/firebase-ios-sdk/FirebaseFirestoreInternal",
					"$(SRCROOT)/../../../Tuist/.build/checkouts/firebase-ios-sdk/SwiftPM-PlatformExclude/FirebaseFirestoreWrap/include",
					"$(SRCROOT)/../../../Tuist/.build/checkouts/grpc-binary/grpc-Wrapper/include",
					"$(SRCROOT)/../../../Tuist/.build/checkouts/grpc-binary/grpcpp-Wrapper/include",
					"$(SRCROOT)/../../../Tuist/.build/checkouts/grpc-binary/openssl-grpc-Wrapper/include",
					"$(SRCROOT)/../../../Tuist/.build/checkouts/gtm-session-fetcher/Sources/Core/Public",
					"$(SRCROOT)/../../../Tuist/.build/checkouts/interop-ios-for-google-sdks/RecaptchaEnterprise/RecaptchaInterop/Public",
					"$(SRCROOT)/../../../Tuist/.build/checkouts/leveldb",
					"$(SRCROOT)/../../../Tuist/.build/checkouts/leveldb/include",
					"$(SRCROOT)/../../../Tuist/.build/checkouts/nanopb/spm_headers",
					"$(SRCROOT)/../../../Tuist/.build/checkouts/promises/Sources/FBLPromises/include",
					"$(SRCROOT)/../../../Tuist/.build/checkouts/swift-navigation/Sources/UIKitNavigationShim/include",
					"$(SRCROOT)/../../../Tuist/.build/checkouts/swift-syntax/Sources/_SwiftSyntaxCShims/include",
				);
				IPHONEOS_DEPLOYMENT_TARGET = 17.0;
				OTHER_CFLAGS = (
					"$(inherited)",
					"-fmodule-map-file=$(SRCROOT)/../../../Tuist/.build/checkouts/firebase-ios-sdk/CoreOnly/Sources/module.modulemap",
					"-fmodule-map-file=$(SRCROOT)/../../../Tuist/.build/checkouts/promises/Sources/FBLPromises/include/module.modulemap",
					"-fmodule-map-file=$(SRCROOT)/../../../Tuist/.build/checkouts/swift-syntax/Sources/_SwiftSyntaxCShims/include/module.modulemap",
					"-fmodule-map-file=$(SRCROOT)/../../../Tuist/.build/tuist-derived/AppAuth/AppAuth.modulemap",
					"-fmodule-map-file=$(SRCROOT)/../../../Tuist/.build/tuist-derived/AppAuthCore/AppAuthCore.modulemap",
					"-fmodule-map-file=$(SRCROOT)/../../../Tuist/.build/tuist-derived/AppCheckCore/AppCheckCore.modulemap",
					"-fmodule-map-file=$(SRCROOT)/../../../Tuist/.build/tuist-derived/FirebaseAppCheckInterop/FirebaseAppCheckInterop.modulemap",
					"-fmodule-map-file=$(SRCROOT)/../../../Tuist/.build/tuist-derived/FirebaseAuthInternal/FirebaseAuthInternal.modulemap",
					"-fmodule-map-file=$(SRCROOT)/../../../Tuist/.build/tuist-derived/FirebaseAuthInterop/FirebaseAuthInterop.modulemap",
					"-fmodule-map-file=$(SRCROOT)/../../../Tuist/.build/tuist-derived/FirebaseCore/FirebaseCore.modulemap",
					"-fmodule-map-file=$(SRCROOT)/../../../Tuist/.build/tuist-derived/FirebaseCoreExtension/FirebaseCoreExtension.modulemap",
					"-fmodule-map-file=$(SRCROOT)/../../../Tuist/.build/tuist-derived/FirebaseFirestoreInternalWrapper/FirebaseFirestoreInternalWrapper.modulemap",
					"-fmodule-map-file=$(SRCROOT)/../../../Tuist/.build/tuist-derived/FirebaseFirestoreTarget/FirebaseFirestoreTarget.modulemap",
					"-fmodule-map-file=$(SRCROOT)/../../../Tuist/.build/tuist-derived/GTMSessionFetcherCore/GTMSessionFetcherCore.modulemap",
					"-fmodule-map-file=$(SRCROOT)/../../../Tuist/.build/tuist-derived/GoogleSignIn/GoogleSignIn.modulemap",
					"-fmodule-map-file=$(SRCROOT)/../../../Tuist/.build/tuist-derived/GoogleUtilities_AppDelegateSwizzler/GoogleUtilities_AppDelegateSwizzler.modulemap",
					"-fmodule-map-file=$(SRCROOT)/../../../Tuist/.build/tuist-derived/GoogleUtilities_Environment/GoogleUtilities_Environment.modulemap",
					"-fmodule-map-file=$(SRCROOT)/../../../Tuist/.build/tuist-derived/GoogleUtilities_Logger/GoogleUtilities_Logger.modulemap",
					"-fmodule-map-file=$(SRCROOT)/../../../Tuist/.build/tuist-derived/GoogleUtilities_NSData/GoogleUtilities_NSData.modulemap",
					"-fmodule-map-file=$(SRCROOT)/../../../Tuist/.build/tuist-derived/GoogleUtilities_Network/GoogleUtilities_Network.modulemap",
					"-fmodule-map-file=$(SRCROOT)/../../../Tuist/.build/tuist-derived/GoogleUtilities_Reachability/GoogleUtilities_Reachability.modulemap",
					"-fmodule-map-file=$(SRCROOT)/../../../Tuist/.build/tuist-derived/GoogleUtilities_UserDefaults/GoogleUtilities_UserDefaults.modulemap",
					"-fmodule-map-file=$(SRCROOT)/../../../Tuist/.build/tuist-derived/RecaptchaInterop/RecaptchaInterop.modulemap",
					"-fmodule-map-file=$(SRCROOT)/../../../Tuist/.build/tuist-derived/UIKitNavigationShim/UIKitNavigationShim.modulemap",
					"-fmodule-map-file=$(SRCROOT)/../../../Tuist/.build/tuist-derived/abslWrapper/abslWrapper.modulemap",
					"-fmodule-map-file=$(SRCROOT)/../../../Tuist/.build/tuist-derived/grpcWrapper/grpcWrapper.modulemap",
					"-fmodule-map-file=$(SRCROOT)/../../../Tuist/.build/tuist-derived/grpcppWrapper/grpcppWrapper.modulemap",
					"-fmodule-map-file=$(SRCROOT)/../../../Tuist/.build/tuist-derived/leveldb/leveldb.modulemap",
					"-fmodule-map-file=$(SRCROOT)/../../../Tuist/.build/tuist-derived/nanopb/nanopb.modulemap",
					"-fmodule-map-file=$(SRCROOT)/../../../Tuist/.build/tuist-derived/opensslWrapper/opensslWrapper.modulemap",
					"-fmodule-map-file=$(SRCROOT)/../../../Tuist/.build/tuist-derived/third_party_IsAppEncrypted/third_party_IsAppEncrypted.modulemap",
				);
				OTHER_LDFLAGS = "-ObjC";
				OTHER_SWIFT_FLAGS = (
					"$(inherited)",
					"-Xcc",
					"-fmodule-map-file=$(SRCROOT)/../../../Tuist/.build/checkouts/firebase-ios-sdk/CoreOnly/Sources/module.modulemap",
					"-Xcc",
					"-fmodule-map-file=$(SRCROOT)/../../../Tuist/.build/checkouts/promises/Sources/FBLPromises/include/module.modulemap",
					"-Xcc",
					"-fmodule-map-file=$(SRCROOT)/../../../Tuist/.build/checkouts/swift-syntax/Sources/_SwiftSyntaxCShims/include/module.modulemap",
					"-Xcc",
					"-fmodule-map-file=$(SRCROOT)/../../../Tuist/.build/tuist-derived/AppAuth/AppAuth.modulemap",
					"-Xcc",
					"-fmodule-map-file=$(SRCROOT)/../../../Tuist/.build/tuist-derived/AppAuthCore/AppAuthCore.modulemap",
					"-Xcc",
					"-fmodule-map-file=$(SRCROOT)/../../../Tuist/.build/tuist-derived/AppCheckCore/AppCheckCore.modulemap",
					"-Xcc",
					"-fmodule-map-file=$(SRCROOT)/../../../Tuist/.build/tuist-derived/FirebaseAppCheckInterop/FirebaseAppCheckInterop.modulemap",
					"-Xcc",
					"-fmodule-map-file=$(SRCROOT)/../../../Tuist/.build/tuist-derived/FirebaseAuthInternal/FirebaseAuthInternal.modulemap",
					"-Xcc",
					"-fmodule-map-file=$(SRCROOT)/../../../Tuist/.build/tuist-derived/FirebaseAuthInterop/FirebaseAuthInterop.modulemap",
					"-Xcc",
					"-fmodule-map-file=$(SRCROOT)/../../../Tuist/.build/tuist-derived/FirebaseCore/FirebaseCore.modulemap",
					"-Xcc",
					"-fmodule-map-file=$(SRCROOT)/../../../Tuist/.build/tuist-derived/FirebaseCoreExtension/FirebaseCoreExtension.modulemap",
					"-Xcc",
					"-fmodule-map-file=$(SRCROOT)/../../../Tuist/.build/tuist-derived/FirebaseFirestoreInternalWrapper/FirebaseFirestoreInternalWrapper.modulemap",
					"-Xcc",
					"-fmodule-map-file=$(SRCROOT)/../../../Tuist/.build/tuist-derived/FirebaseFirestoreTarget/FirebaseFirestoreTarget.modulemap",
					"-Xcc",
					"-fmodule-map-file=$(SRCROOT)/../../../Tuist/.build/tuist-derived/GTMSessionFetcherCore/GTMSessionFetcherCore.modulemap",
					"-Xcc",
					"-fmodule-map-file=$(SRCROOT)/../../../Tuist/.build/tuist-derived/GoogleSignIn/GoogleSignIn.modulemap",
					"-Xcc",
					"-fmodule-map-file=$(SRCROOT)/../../../Tuist/.build/tuist-derived/GoogleUtilities_AppDelegateSwizzler/GoogleUtilities_AppDelegateSwizzler.modulemap",
					"-Xcc",
					"-fmodule-map-file=$(SRCROOT)/../../../Tuist/.build/tuist-derived/GoogleUtilities_Environment/GoogleUtilities_Environment.modulemap",
					"-Xcc",
					"-fmodule-map-file=$(SRCROOT)/../../../Tuist/.build/tuist-derived/GoogleUtilities_Logger/GoogleUtilities_Logger.modulemap",
					"-Xcc",
					"-fmodule-map-file=$(SRCROOT)/../../../Tuist/.build/tuist-derived/GoogleUtilities_NSData/GoogleUtilities_NSData.modulemap",
					"-Xcc",
					"-fmodule-map-file=$(SRCROOT)/../../../Tuist/.build/tuist-derived/GoogleUtilities_Network/GoogleUtilities_Network.modulemap",
					"-Xcc",
					"-fmodule-map-file=$(SRCROOT)/../../../Tuist/.build/tuist-derived/GoogleUtilities_Reachability/GoogleUtilities_Reachability.modulemap",
					"-Xcc",
					"-fmodule-map-file=$(SRCROOT)/../../../Tuist/.build/tuist-derived/GoogleUtilities_UserDefaults/GoogleUtilities_UserDefaults.modulemap",
					"-Xcc",
					"-fmodule-map-file=$(SRCROOT)/../../../Tuist/.build/tuist-derived/RecaptchaInterop/RecaptchaInterop.modulemap",
					"-Xcc",
					"-fmodule-map-file=$(SRCROOT)/../../../Tuist/.build/tuist-derived/UIKitNavigationShim/UIKitNavigationShim.modulemap",
					"-Xcc",
					"-fmodule-map-file=$(SRCROOT)/../../../Tuist/.build/tuist-derived/abslWrapper/abslWrapper.modulemap",
					"-Xcc",
					"-fmodule-map-file=$(SRCROOT)/../../../Tuist/.build/tuist-derived/grpcWrapper/grpcWrapper.modulemap",
					"-Xcc",
					"-fmodule-map-file=$(SRCROOT)/../../../Tuist/.build/tuist-derived/grpcppWrapper/grpcppWrapper.modulemap",
					"-Xcc",
					"-fmodule-map-file=$(SRCROOT)/../../../Tuist/.build/tuist-derived/leveldb/leveldb.modulemap",
					"-Xcc",
					"-fmodule-map-file=$(SRCROOT)/../../../Tuist/.build/tuist-derived/nanopb/nanopb.modulemap",
					"-Xcc",
					"-fmodule-map-file=$(SRCROOT)/../../../Tuist/.build/tuist-derived/opensslWrapper/opensslWrapper.modulemap",
					"-Xcc",
					"-fmodule-map-file=$(SRCROOT)/../../../Tuist/.build/tuist-derived/third_party_IsAppEncrypted/third_party_IsAppEncrypted.modulemap",
					"-load-plugin-executable",
					"$BUILD_DIR/Debug$EFFECTIVE_PLATFORM_NAME/CasePathsMacros#CasePathsMacros",
					"-load-plugin-executable",
					"$BUILD_DIR/Debug$EFFECTIVE_PLATFORM_NAME/ComposableArchitectureMacros#ComposableArchitectureMacros",
					"-load-plugin-executable",
					"$BUILD_DIR/Debug$EFFECTIVE_PLATFORM_NAME/DependenciesMacrosPlugin#DependenciesMacrosPlugin",
					"-load-plugin-executable",
					"$BUILD_DIR/Debug$EFFECTIVE_PLATFORM_NAME/PerceptionMacros#PerceptionMacros",
				);
				PRODUCT_BUNDLE_IDENTIFIER = "";
				PRODUCT_NAME = FeatureMain;
				SDKROOT = iphoneos;
				SKIP_INSTALL = YES;
				SUPPORTS_MACCATALYST = NO;
				SUPPORTS_MAC_DESIGNED_FOR_IPHONE_IPAD = NO;
				SUPPORTS_XR_DESIGNED_FOR_IPHONE_IPAD = NO;
				SWIFT_ACTIVE_COMPILATION_CONDITIONS = (
					"$(inherited)",
					DEBUG,
				);
				SWIFT_COMPILATION_MODE = singlefile;
				SWIFT_OPTIMIZATION_LEVEL = "-Onone";
				SWIFT_VERSION = 5.0;
				TARGETED_DEVICE_FAMILY = 1;
			};
			name = Debug;
		};
		3939AE0711A045AF002BC5F2 /* Debug */ = {
			isa = XCBuildConfiguration;
			buildSettings = {
				ALWAYS_SEARCH_USER_PATHS = NO;
				CLANG_ANALYZER_LOCALIZABILITY_NONLOCALIZED = YES;
				CLANG_ANALYZER_NONNULL = YES;
				CLANG_ANALYZER_NUMBER_OBJECT_CONVERSION = YES_AGGRESSIVE;
				CLANG_CXX_LANGUAGE_STANDARD = "gnu++14";
				CLANG_CXX_LIBRARY = "libc++";
				CLANG_ENABLE_MODULES = YES;
				CLANG_ENABLE_OBJC_ARC = YES;
				CLANG_ENABLE_OBJC_WEAK = YES;
				CLANG_WARN_BLOCK_CAPTURE_AUTORELEASING = YES;
				CLANG_WARN_BOOL_CONVERSION = YES;
				CLANG_WARN_COMMA = YES;
				CLANG_WARN_CONSTANT_CONVERSION = YES;
				CLANG_WARN_DEPRECATED_OBJC_IMPLEMENTATIONS = YES;
				CLANG_WARN_DIRECT_OBJC_ISA_USAGE = YES_ERROR;
				CLANG_WARN_DOCUMENTATION_COMMENTS = YES;
				CLANG_WARN_EMPTY_BODY = YES;
				CLANG_WARN_ENUM_CONVERSION = YES;
				CLANG_WARN_INFINITE_RECURSION = YES;
				CLANG_WARN_INT_CONVERSION = YES;
				CLANG_WARN_NON_LITERAL_NULL_CONVERSION = YES;
				CLANG_WARN_OBJC_IMPLICIT_RETAIN_SELF = YES;
				CLANG_WARN_OBJC_LITERAL_CONVERSION = YES;
				CLANG_WARN_OBJC_ROOT_CLASS = YES_ERROR;
				CLANG_WARN_QUOTED_INCLUDE_IN_FRAMEWORK_HEADER = YES;
				CLANG_WARN_RANGE_LOOP_ANALYSIS = YES;
				CLANG_WARN_STRICT_PROTOTYPES = YES;
				CLANG_WARN_SUSPICIOUS_MOVE = YES;
				CLANG_WARN_UNGUARDED_AVAILABILITY = YES_AGGRESSIVE;
				CLANG_WARN_UNREACHABLE_CODE = YES;
				CLANG_WARN__DUPLICATE_METHOD_MATCH = YES;
				CODE_SIGN_STYLE = Automatic;
				COPY_PHASE_STRIP = NO;
				DEAD_CODE_STRIPPING = YES;
				DEBUG_INFORMATION_FORMAT = "dwarf-with-dsym";
				ENABLE_DEBUG_DYLIB = NO;
				ENABLE_STRICT_OBJC_MSGSEND = YES;
				ENABLE_TESTABILITY = YES;
				ENABLE_USER_SCRIPT_SANDBOXING = YES;
				GCC_C_LANGUAGE_STANDARD = gnu11;
				GCC_DYNAMIC_NO_PIC = NO;
				GCC_NO_COMMON_BLOCKS = YES;
				GCC_OPTIMIZATION_LEVEL = 0;
				GCC_PREPROCESSOR_DEFINITIONS = (
					"DEBUG=1",
					"$(inherited)",
				);
				GCC_WARN_64_TO_32_BIT_CONVERSION = YES;
				GCC_WARN_ABOUT_RETURN_TYPE = YES_ERROR;
				GCC_WARN_UNDECLARED_SELECTOR = YES;
				GCC_WARN_UNINITIALIZED_AUTOS = YES_AGGRESSIVE;
				GCC_WARN_UNUSED_FUNCTION = YES;
				GCC_WARN_UNUSED_VARIABLE = YES;
				GENERATE_DEBUG_SYMBOLS = YES;
				MTL_ENABLE_DEBUG_INFO = YES;
				ONLY_ACTIVE_ARCH = YES;
				OTHER_LDFLAGS = (
					"$(inherited)",
					"-ObjC",
				);
				PRODUCT_NAME = "$(TARGET_NAME)";
			};
			name = Debug;
		};
		5F8D43ABAD04E51C983BB5A7 /* Release */ = {
			isa = XCBuildConfiguration;
			buildSettings = {
				CODE_SIGN_IDENTITY = "iPhone Developer";
				HEADER_SEARCH_PATHS = (
					"$(inherited)",
					"$(SRCROOT)/../../../Tuist/.build/checkouts/AppAuth-iOS/Sources/AppAuth",
					"$(SRCROOT)/../../../Tuist/.build/checkouts/AppAuth-iOS/Sources/AppAuth/iOS",
					"$(SRCROOT)/../../../Tuist/.build/checkouts/AppAuth-iOS/Sources/AppAuth/macOS",
					"$(SRCROOT)/../../../Tuist/.build/checkouts/AppAuth-iOS/Sources/AppAuth/macOS/LoopbackHTTPServer",
					"$(SRCROOT)/../../../Tuist/.build/checkouts/AppAuth-iOS/Sources/AppAuthCore",
					"$(SRCROOT)/../../../Tuist/.build/checkouts/GoogleSignIn-iOS",
					"$(SRCROOT)/../../../Tuist/.build/checkouts/GoogleSignIn-iOS/GoogleSignIn/Sources/Public",
					"$(SRCROOT)/../../../Tuist/.build/checkouts/GoogleUtilities",
					"$(SRCROOT)/../../../Tuist/.build/checkouts/GoogleUtilities/GoogleUtilities/AppDelegateSwizzler/Public",
					"$(SRCROOT)/../../../Tuist/.build/checkouts/GoogleUtilities/GoogleUtilities/Environment/Public",
					"$(SRCROOT)/../../../Tuist/.build/checkouts/GoogleUtilities/GoogleUtilities/Logger/Public",
					"$(SRCROOT)/../../../Tuist/.build/checkouts/GoogleUtilities/GoogleUtilities/NSData+zlib/Public",
					"$(SRCROOT)/../../../Tuist/.build/checkouts/GoogleUtilities/GoogleUtilities/Network/Public",
					"$(SRCROOT)/../../../Tuist/.build/checkouts/GoogleUtilities/GoogleUtilities/Reachability/Public",
					"$(SRCROOT)/../../../Tuist/.build/checkouts/GoogleUtilities/GoogleUtilities/UserDefaults/Public",
					"$(SRCROOT)/../../../Tuist/.build/checkouts/GoogleUtilities/third_party/IsAppEncrypted/Public",
					"$(SRCROOT)/../../../Tuist/.build/checkouts/abseil-cpp-binary/absl-Wrapper/include",
					"$(SRCROOT)/../../../Tuist/.build/checkouts/app-check",
					"$(SRCROOT)/../../../Tuist/.build/checkouts/app-check/AppCheckCore/Sources/Public",
					"$(SRCROOT)/../../../Tuist/.build/checkouts/firebase-ios-sdk",
					"$(SRCROOT)/../../../Tuist/.build/checkouts/firebase-ios-sdk/CoreOnly/Sources",
					"$(SRCROOT)/../../../Tuist/.build/checkouts/firebase-ios-sdk/FirebaseAppCheck/Interop/Public",
					"$(SRCROOT)/../../../Tuist/.build/checkouts/firebase-ios-sdk/FirebaseAuth/Interop/Public",
					"$(SRCROOT)/../../../Tuist/.build/checkouts/firebase-ios-sdk/FirebaseAuth/Sources/Public",
					"$(SRCROOT)/../../../Tuist/.build/checkouts/firebase-ios-sdk/FirebaseCore/Extension",
					"$(SRCROOT)/../../../Tuist/.build/checkouts/firebase-ios-sdk/FirebaseCore/Sources/Public",
					"$(SRCROOT)/../../../Tuist/.build/checkouts/firebase-ios-sdk/FirebaseFirestoreInternal",
					"$(SRCROOT)/../../../Tuist/.build/checkouts/firebase-ios-sdk/SwiftPM-PlatformExclude/FirebaseFirestoreWrap/include",
					"$(SRCROOT)/../../../Tuist/.build/checkouts/grpc-binary/grpc-Wrapper/include",
					"$(SRCROOT)/../../../Tuist/.build/checkouts/grpc-binary/grpcpp-Wrapper/include",
					"$(SRCROOT)/../../../Tuist/.build/checkouts/grpc-binary/openssl-grpc-Wrapper/include",
					"$(SRCROOT)/../../../Tuist/.build/checkouts/gtm-session-fetcher/Sources/Core/Public",
					"$(SRCROOT)/../../../Tuist/.build/checkouts/interop-ios-for-google-sdks/RecaptchaEnterprise/RecaptchaInterop/Public",
					"$(SRCROOT)/../../../Tuist/.build/checkouts/leveldb",
					"$(SRCROOT)/../../../Tuist/.build/checkouts/leveldb/include",
					"$(SRCROOT)/../../../Tuist/.build/checkouts/nanopb/spm_headers",
					"$(SRCROOT)/../../../Tuist/.build/checkouts/promises/Sources/FBLPromises/include",
					"$(SRCROOT)/../../../Tuist/.build/checkouts/swift-navigation/Sources/UIKitNavigationShim/include",
					"$(SRCROOT)/../../../Tuist/.build/checkouts/swift-syntax/Sources/_SwiftSyntaxCShims/include",
				);
				IPHONEOS_DEPLOYMENT_TARGET = 17.0;
				OTHER_CFLAGS = (
					"$(inherited)",
					"-fmodule-map-file=$(SRCROOT)/../../../Tuist/.build/checkouts/firebase-ios-sdk/CoreOnly/Sources/module.modulemap",
					"-fmodule-map-file=$(SRCROOT)/../../../Tuist/.build/checkouts/promises/Sources/FBLPromises/include/module.modulemap",
					"-fmodule-map-file=$(SRCROOT)/../../../Tuist/.build/checkouts/swift-syntax/Sources/_SwiftSyntaxCShims/include/module.modulemap",
					"-fmodule-map-file=$(SRCROOT)/../../../Tuist/.build/tuist-derived/AppAuth/AppAuth.modulemap",
					"-fmodule-map-file=$(SRCROOT)/../../../Tuist/.build/tuist-derived/AppAuthCore/AppAuthCore.modulemap",
					"-fmodule-map-file=$(SRCROOT)/../../../Tuist/.build/tuist-derived/AppCheckCore/AppCheckCore.modulemap",
					"-fmodule-map-file=$(SRCROOT)/../../../Tuist/.build/tuist-derived/FirebaseAppCheckInterop/FirebaseAppCheckInterop.modulemap",
					"-fmodule-map-file=$(SRCROOT)/../../../Tuist/.build/tuist-derived/FirebaseAuthInternal/FirebaseAuthInternal.modulemap",
					"-fmodule-map-file=$(SRCROOT)/../../../Tuist/.build/tuist-derived/FirebaseAuthInterop/FirebaseAuthInterop.modulemap",
					"-fmodule-map-file=$(SRCROOT)/../../../Tuist/.build/tuist-derived/FirebaseCore/FirebaseCore.modulemap",
					"-fmodule-map-file=$(SRCROOT)/../../../Tuist/.build/tuist-derived/FirebaseCoreExtension/FirebaseCoreExtension.modulemap",
					"-fmodule-map-file=$(SRCROOT)/../../../Tuist/.build/tuist-derived/FirebaseFirestoreInternalWrapper/FirebaseFirestoreInternalWrapper.modulemap",
					"-fmodule-map-file=$(SRCROOT)/../../../Tuist/.build/tuist-derived/FirebaseFirestoreTarget/FirebaseFirestoreTarget.modulemap",
					"-fmodule-map-file=$(SRCROOT)/../../../Tuist/.build/tuist-derived/GTMSessionFetcherCore/GTMSessionFetcherCore.modulemap",
					"-fmodule-map-file=$(SRCROOT)/../../../Tuist/.build/tuist-derived/GoogleSignIn/GoogleSignIn.modulemap",
					"-fmodule-map-file=$(SRCROOT)/../../../Tuist/.build/tuist-derived/GoogleUtilities_AppDelegateSwizzler/GoogleUtilities_AppDelegateSwizzler.modulemap",
					"-fmodule-map-file=$(SRCROOT)/../../../Tuist/.build/tuist-derived/GoogleUtilities_Environment/GoogleUtilities_Environment.modulemap",
					"-fmodule-map-file=$(SRCROOT)/../../../Tuist/.build/tuist-derived/GoogleUtilities_Logger/GoogleUtilities_Logger.modulemap",
					"-fmodule-map-file=$(SRCROOT)/../../../Tuist/.build/tuist-derived/GoogleUtilities_NSData/GoogleUtilities_NSData.modulemap",
					"-fmodule-map-file=$(SRCROOT)/../../../Tuist/.build/tuist-derived/GoogleUtilities_Network/GoogleUtilities_Network.modulemap",
					"-fmodule-map-file=$(SRCROOT)/../../../Tuist/.build/tuist-derived/GoogleUtilities_Reachability/GoogleUtilities_Reachability.modulemap",
					"-fmodule-map-file=$(SRCROOT)/../../../Tuist/.build/tuist-derived/GoogleUtilities_UserDefaults/GoogleUtilities_UserDefaults.modulemap",
					"-fmodule-map-file=$(SRCROOT)/../../../Tuist/.build/tuist-derived/RecaptchaInterop/RecaptchaInterop.modulemap",
					"-fmodule-map-file=$(SRCROOT)/../../../Tuist/.build/tuist-derived/UIKitNavigationShim/UIKitNavigationShim.modulemap",
					"-fmodule-map-file=$(SRCROOT)/../../../Tuist/.build/tuist-derived/abslWrapper/abslWrapper.modulemap",
					"-fmodule-map-file=$(SRCROOT)/../../../Tuist/.build/tuist-derived/grpcWrapper/grpcWrapper.modulemap",
					"-fmodule-map-file=$(SRCROOT)/../../../Tuist/.build/tuist-derived/grpcppWrapper/grpcppWrapper.modulemap",
					"-fmodule-map-file=$(SRCROOT)/../../../Tuist/.build/tuist-derived/leveldb/leveldb.modulemap",
					"-fmodule-map-file=$(SRCROOT)/../../../Tuist/.build/tuist-derived/nanopb/nanopb.modulemap",
					"-fmodule-map-file=$(SRCROOT)/../../../Tuist/.build/tuist-derived/opensslWrapper/opensslWrapper.modulemap",
					"-fmodule-map-file=$(SRCROOT)/../../../Tuist/.build/tuist-derived/third_party_IsAppEncrypted/third_party_IsAppEncrypted.modulemap",
				);
				OTHER_LDFLAGS = "-ObjC";
				OTHER_SWIFT_FLAGS = (
					"$(inherited)",
					"-Xcc",
					"-fmodule-map-file=$(SRCROOT)/../../../Tuist/.build/checkouts/firebase-ios-sdk/CoreOnly/Sources/module.modulemap",
					"-Xcc",
					"-fmodule-map-file=$(SRCROOT)/../../../Tuist/.build/checkouts/promises/Sources/FBLPromises/include/module.modulemap",
					"-Xcc",
					"-fmodule-map-file=$(SRCROOT)/../../../Tuist/.build/checkouts/swift-syntax/Sources/_SwiftSyntaxCShims/include/module.modulemap",
					"-Xcc",
					"-fmodule-map-file=$(SRCROOT)/../../../Tuist/.build/tuist-derived/AppAuth/AppAuth.modulemap",
					"-Xcc",
					"-fmodule-map-file=$(SRCROOT)/../../../Tuist/.build/tuist-derived/AppAuthCore/AppAuthCore.modulemap",
					"-Xcc",
					"-fmodule-map-file=$(SRCROOT)/../../../Tuist/.build/tuist-derived/AppCheckCore/AppCheckCore.modulemap",
					"-Xcc",
					"-fmodule-map-file=$(SRCROOT)/../../../Tuist/.build/tuist-derived/FirebaseAppCheckInterop/FirebaseAppCheckInterop.modulemap",
					"-Xcc",
					"-fmodule-map-file=$(SRCROOT)/../../../Tuist/.build/tuist-derived/FirebaseAuthInternal/FirebaseAuthInternal.modulemap",
					"-Xcc",
					"-fmodule-map-file=$(SRCROOT)/../../../Tuist/.build/tuist-derived/FirebaseAuthInterop/FirebaseAuthInterop.modulemap",
					"-Xcc",
					"-fmodule-map-file=$(SRCROOT)/../../../Tuist/.build/tuist-derived/FirebaseCore/FirebaseCore.modulemap",
					"-Xcc",
					"-fmodule-map-file=$(SRCROOT)/../../../Tuist/.build/tuist-derived/FirebaseCoreExtension/FirebaseCoreExtension.modulemap",
					"-Xcc",
					"-fmodule-map-file=$(SRCROOT)/../../../Tuist/.build/tuist-derived/FirebaseFirestoreInternalWrapper/FirebaseFirestoreInternalWrapper.modulemap",
					"-Xcc",
					"-fmodule-map-file=$(SRCROOT)/../../../Tuist/.build/tuist-derived/FirebaseFirestoreTarget/FirebaseFirestoreTarget.modulemap",
					"-Xcc",
					"-fmodule-map-file=$(SRCROOT)/../../../Tuist/.build/tuist-derived/GTMSessionFetcherCore/GTMSessionFetcherCore.modulemap",
					"-Xcc",
					"-fmodule-map-file=$(SRCROOT)/../../../Tuist/.build/tuist-derived/GoogleSignIn/GoogleSignIn.modulemap",
					"-Xcc",
					"-fmodule-map-file=$(SRCROOT)/../../../Tuist/.build/tuist-derived/GoogleUtilities_AppDelegateSwizzler/GoogleUtilities_AppDelegateSwizzler.modulemap",
					"-Xcc",
					"-fmodule-map-file=$(SRCROOT)/../../../Tuist/.build/tuist-derived/GoogleUtilities_Environment/GoogleUtilities_Environment.modulemap",
					"-Xcc",
					"-fmodule-map-file=$(SRCROOT)/../../../Tuist/.build/tuist-derived/GoogleUtilities_Logger/GoogleUtilities_Logger.modulemap",
					"-Xcc",
					"-fmodule-map-file=$(SRCROOT)/../../../Tuist/.build/tuist-derived/GoogleUtilities_NSData/GoogleUtilities_NSData.modulemap",
					"-Xcc",
					"-fmodule-map-file=$(SRCROOT)/../../../Tuist/.build/tuist-derived/GoogleUtilities_Network/GoogleUtilities_Network.modulemap",
					"-Xcc",
					"-fmodule-map-file=$(SRCROOT)/../../../Tuist/.build/tuist-derived/GoogleUtilities_Reachability/GoogleUtilities_Reachability.modulemap",
					"-Xcc",
					"-fmodule-map-file=$(SRCROOT)/../../../Tuist/.build/tuist-derived/GoogleUtilities_UserDefaults/GoogleUtilities_UserDefaults.modulemap",
					"-Xcc",
					"-fmodule-map-file=$(SRCROOT)/../../../Tuist/.build/tuist-derived/RecaptchaInterop/RecaptchaInterop.modulemap",
					"-Xcc",
					"-fmodule-map-file=$(SRCROOT)/../../../Tuist/.build/tuist-derived/UIKitNavigationShim/UIKitNavigationShim.modulemap",
					"-Xcc",
					"-fmodule-map-file=$(SRCROOT)/../../../Tuist/.build/tuist-derived/abslWrapper/abslWrapper.modulemap",
					"-Xcc",
					"-fmodule-map-file=$(SRCROOT)/../../../Tuist/.build/tuist-derived/grpcWrapper/grpcWrapper.modulemap",
					"-Xcc",
					"-fmodule-map-file=$(SRCROOT)/../../../Tuist/.build/tuist-derived/grpcppWrapper/grpcppWrapper.modulemap",
					"-Xcc",
					"-fmodule-map-file=$(SRCROOT)/../../../Tuist/.build/tuist-derived/leveldb/leveldb.modulemap",
					"-Xcc",
					"-fmodule-map-file=$(SRCROOT)/../../../Tuist/.build/tuist-derived/nanopb/nanopb.modulemap",
					"-Xcc",
					"-fmodule-map-file=$(SRCROOT)/../../../Tuist/.build/tuist-derived/opensslWrapper/opensslWrapper.modulemap",
					"-Xcc",
					"-fmodule-map-file=$(SRCROOT)/../../../Tuist/.build/tuist-derived/third_party_IsAppEncrypted/third_party_IsAppEncrypted.modulemap",
					"-load-plugin-executable",
					"$BUILD_DIR/Debug$EFFECTIVE_PLATFORM_NAME/CasePathsMacros#CasePathsMacros",
					"-load-plugin-executable",
					"$BUILD_DIR/Debug$EFFECTIVE_PLATFORM_NAME/ComposableArchitectureMacros#ComposableArchitectureMacros",
					"-load-plugin-executable",
					"$BUILD_DIR/Debug$EFFECTIVE_PLATFORM_NAME/DependenciesMacrosPlugin#DependenciesMacrosPlugin",
					"-load-plugin-executable",
					"$BUILD_DIR/Debug$EFFECTIVE_PLATFORM_NAME/PerceptionMacros#PerceptionMacros",
				);
				PRODUCT_BUNDLE_IDENTIFIER = "";
				PRODUCT_NAME = FeatureMain;
				SDKROOT = iphoneos;
				SKIP_INSTALL = YES;
				SUPPORTS_MACCATALYST = NO;
				SUPPORTS_MAC_DESIGNED_FOR_IPHONE_IPAD = NO;
				SUPPORTS_XR_DESIGNED_FOR_IPHONE_IPAD = NO;
				SWIFT_COMPILATION_MODE = wholemodule;
				SWIFT_OPTIMIZATION_LEVEL = "-O";
				SWIFT_VERSION = 5.0;
				TARGETED_DEVICE_FAMILY = 1;
			};
			name = Release;
		};
		EEC1AB60357A3530787F3AED /* Release */ = {
			isa = XCBuildConfiguration;
			buildSettings = {
				ALWAYS_SEARCH_USER_PATHS = NO;
				CLANG_ANALYZER_LOCALIZABILITY_NONLOCALIZED = YES;
				CLANG_ANALYZER_NONNULL = YES;
				CLANG_ANALYZER_NUMBER_OBJECT_CONVERSION = YES_AGGRESSIVE;
				CLANG_CXX_LANGUAGE_STANDARD = "gnu++14";
				CLANG_CXX_LIBRARY = "libc++";
				CLANG_ENABLE_MODULES = YES;
				CLANG_ENABLE_OBJC_ARC = YES;
				CLANG_ENABLE_OBJC_WEAK = YES;
				CLANG_WARN_BLOCK_CAPTURE_AUTORELEASING = YES;
				CLANG_WARN_BOOL_CONVERSION = YES;
				CLANG_WARN_COMMA = YES;
				CLANG_WARN_CONSTANT_CONVERSION = YES;
				CLANG_WARN_DEPRECATED_OBJC_IMPLEMENTATIONS = YES;
				CLANG_WARN_DIRECT_OBJC_ISA_USAGE = YES_ERROR;
				CLANG_WARN_DOCUMENTATION_COMMENTS = YES;
				CLANG_WARN_EMPTY_BODY = YES;
				CLANG_WARN_ENUM_CONVERSION = YES;
				CLANG_WARN_INFINITE_RECURSION = YES;
				CLANG_WARN_INT_CONVERSION = YES;
				CLANG_WARN_NON_LITERAL_NULL_CONVERSION = YES;
				CLANG_WARN_OBJC_IMPLICIT_RETAIN_SELF = YES;
				CLANG_WARN_OBJC_LITERAL_CONVERSION = YES;
				CLANG_WARN_OBJC_ROOT_CLASS = YES_ERROR;
				CLANG_WARN_QUOTED_INCLUDE_IN_FRAMEWORK_HEADER = YES;
				CLANG_WARN_RANGE_LOOP_ANALYSIS = YES;
				CLANG_WARN_STRICT_PROTOTYPES = YES;
				CLANG_WARN_SUSPICIOUS_MOVE = YES;
				CLANG_WARN_UNGUARDED_AVAILABILITY = YES_AGGRESSIVE;
				CLANG_WARN_UNREACHABLE_CODE = YES;
				CLANG_WARN__DUPLICATE_METHOD_MATCH = YES;
				CODE_SIGN_STYLE = Automatic;
				COPY_PHASE_STRIP = NO;
				DEAD_CODE_STRIPPING = YES;
				DEBUG_INFORMATION_FORMAT = "dwarf-with-dsym";
				ENABLE_DEBUG_DYLIB = NO;
				ENABLE_NS_ASSERTIONS = NO;
				ENABLE_STRICT_OBJC_MSGSEND = YES;
				ENABLE_USER_SCRIPT_SANDBOXING = YES;
				GCC_C_LANGUAGE_STANDARD = gnu11;
				GCC_NO_COMMON_BLOCKS = YES;
				GCC_WARN_64_TO_32_BIT_CONVERSION = YES;
				GCC_WARN_ABOUT_RETURN_TYPE = YES_ERROR;
				GCC_WARN_UNDECLARED_SELECTOR = YES;
				GCC_WARN_UNINITIALIZED_AUTOS = YES_AGGRESSIVE;
				GCC_WARN_UNUSED_FUNCTION = YES;
				GCC_WARN_UNUSED_VARIABLE = YES;
				GENERATE_DEBUG_SYMBOLS = YES;
				MTL_ENABLE_DEBUG_INFO = NO;
				OTHER_LDFLAGS = (
					"$(inherited)",
					"-ObjC",
				);
				PRODUCT_NAME = "$(TARGET_NAME)";
				VALIDATE_PRODUCT = YES;
			};
			name = Release;
		};
/* End XCBuildConfiguration section */

/* Begin XCConfigurationList section */
		789224ED9B40F717BE59E42B /* Build configuration list for PBXProject "FeatureMain" */ = {
			isa = XCConfigurationList;
			buildConfigurations = (
				3939AE0711A045AF002BC5F2 /* Debug */,
				EEC1AB60357A3530787F3AED /* Release */,
			);
			defaultConfigurationIsVisible = 0;
			defaultConfigurationName = Release;
		};
		CC86632E74C9FC94DA14BFC5 /* Build configuration list for PBXNativeTarget "FeatureMain" */ = {
			isa = XCConfigurationList;
			buildConfigurations = (
				35045ADE1D96599F494AF68B /* Debug */,
				5F8D43ABAD04E51C983BB5A7 /* Release */,
			);
			defaultConfigurationIsVisible = 0;
			defaultConfigurationName = Release;
		};
/* End XCConfigurationList section */
	};
	rootObject = 52DB8CC19AD669D9B07D887C /* Project object */;
}
